
Microsoft Visual Studio Solution File, Format Version 12.00
# Visual Studio Version 17
VisualStudioVersion = 17.11.35312.102
MinimumVisualStudioVersion = 10.0.40219.1
Project("{FAE04EC0-301F-11D3-BF4B-00C04F79EFBC}") = "UserRegistrationAndGameLibrary.Api", "src\UserRegistrationAndGameLibrary.Api\UserRegistrationAndGameLibrary.Api.csproj", "{65952BF1-1F6A-4401-917B-2053F413C41C}"
EndProject
Project("{FAE04EC0-301F-11D3-BF4B-00C04F79EFBC}") = "UserRegistrationAndGameLibrary.Domain", "src\UserRegistrationAndGameLibrary.Domain\UserRegistrationAndGameLibrary.Domain.csproj", "{DDB38B63-9FDF-44DE-80AB-265C44031A84}"
EndProject
Project("{FAE04EC0-301F-11D3-BF4B-00C04F79EFBC}") = "UserRegistrationAndGameLibrary.Application", "src\UserRegistrationAndGameLibrary.Application\UserRegistrationAndGameLibrary.Application.csproj", "{FF54AF0B-C3B2-4244-9F22-BA4B97A08C40}"
EndProject
Project("{FAE04EC0-301F-11D3-BF4B-00C04F79EFBC}") = "UserRegistrationAndGameLibrary.UnitTest", "src\UserRegistrationAndGameLibrary.UnitTest\UserRegistrationAndGameLibrary.UnitTest.csproj", "{481B6076-61A4-46BF-8222-9BD798A2A7FB}"
EndProject
Global
	GlobalSection(SolutionConfigurationPlatforms) = preSolution
		Debug|Any CPU = Debug|Any CPU
		Release|Any CPU = Release|Any CPU
	EndGlobalSection
	GlobalSection(ProjectConfigurationPlatforms) = postSolution
		{65952BF1-1F6A-4401-917B-2053F413C41C}.Debug|Any CPU.ActiveCfg = Debug|Any CPU
		{65952BF1-1F6A-4401-917B-2053F413C41C}.Debug|Any CPU.Build.0 = Debug|Any CPU
		{65952BF1-1F6A-4401-917B-2053F413C41C}.Release|Any CPU.ActiveCfg = Release|Any CPU
		{65952BF1-1F6A-4401-917B-2053F413C41C}.Release|Any CPU.Build.0 = Release|Any CPU
		{DDB38B63-9FDF-44DE-80AB-265C44031A84}.Debug|Any CPU.ActiveCfg = Debug|Any CPU
		{DDB38B63-9FDF-44DE-80AB-265C44031A84}.Debug|Any CPU.Build.0 = Debug|Any CPU
		{DDB38B63-9FDF-44DE-80AB-265C44031A84}.Release|Any CPU.ActiveCfg = Release|Any CPU
		{DDB38B63-9FDF-44DE-80AB-265C44031A84}.Release|Any CPU.Build.0 = Release|Any CPU
		{FF54AF0B-C3B2-4244-9F22-BA4B97A08C40}.Debug|Any CPU.ActiveCfg = Debug|Any CPU
		{FF54AF0B-C3B2-4244-9F22-BA4B97A08C40}.Debug|Any CPU.Build.0 = Debug|Any CPU
		{FF54AF0B-C3B2-4244-9F22-BA4B97A08C40}.Release|Any CPU.ActiveCfg = Release|Any CPU
		{FF54AF0B-C3B2-4244-9F22-BA4B97A08C40}.Release|Any CPU.Build.0 = Release|Any CPU
		{481B6076-61A4-46BF-8222-9BD798A2A7FB}.Debug|Any CPU.ActiveCfg = Debug|Any CPU
		{481B6076-61A4-46BF-8222-9BD798A2A7FB}.Debug|Any CPU.Build.0 = Debug|Any CPU
		{481B6076-61A4-46BF-8222-9BD798A2A7FB}.Release|Any CPU.ActiveCfg = Release|Any CPU
		{481B6076-61A4-46BF-8222-9BD798A2A7FB}.Release|Any CPU.Build.0 = Release|Any CPU
	EndGlobalSection
	GlobalSection(SolutionProperties) = preSolution
		HideSolutionNode = FALSE
	EndGlobalSection
	GlobalSection(ExtensibilityGlobals) = postSolution
		SolutionGuid = {AEB9AB15-4A6C-4832-B8C2-4F6E0FC09263}
	EndGlobalSection
EndGlobal
